
Microsoft Visual Studio Solution File, Format Version 12.00
# Visual Studio Version 16
VisualStudioVersion = 16.0.32802.440
MinimumVisualStudioVersion = 10.0.40219.1
Project("{9A19103F-16F7-4668-BE54-9A1E7A4F7556}") = "StringLibrary", "StringLibrary\StringLibrary.csproj", "{1714BA7E-5BB3-46AD-A940-84BB694BC9A2}"
EndProject
Project("{9A19103F-16F7-4668-BE54-9A1E7A4F7556}") = "ShowCase", "ShowCase\ShowCase.csproj", "{0FE35D66-8F9F-475E-858B-565236F8ABF6}"
EndProject
Project("{FAE04EC0-301F-11D3-BF4B-00C04F79EFBC}") = "DeletMe", "DeletMe\DeletMe.csproj", "{B8B50988-27B7-4B4D-A8E6-C199221DA4DE}"
EndProject
Global
	GlobalSection(SolutionConfigurationPlatforms) = preSolution
		Debug|Any CPU = Debug|Any CPU
		Release|Any CPU = Release|Any CPU
	EndGlobalSection
	GlobalSection(ProjectConfigurationPlatforms) = postSolution
		{1714BA7E-5BB3-46AD-A940-84BB694BC9A2}.Debug|Any CPU.ActiveCfg = Debug|Any CPU
		{1714BA7E-5BB3-46AD-A940-84BB694BC9A2}.Debug|Any CPU.Build.0 = Debug|Any CPU
		{1714BA7E-5BB3-46AD-A940-84BB694BC9A2}.Release|Any CPU.ActiveCfg = Release|Any CPU
		{1714BA7E-5BB3-46AD-A940-84BB694BC9A2}.Release|Any CPU.Build.0 = Release|Any CPU
		{0FE35D66-8F9F-475E-858B-565236F8ABF6}.Debug|Any CPU.ActiveCfg = Debug|Any CPU
		{0FE35D66-8F9F-475E-858B-565236F8ABF6}.Debug|Any CPU.Build.0 = Debug|Any CPU
		{0FE35D66-8F9F-475E-858B-565236F8ABF6}.Release|Any CPU.ActiveCfg = Release|Any CPU
		{0FE35D66-8F9F-475E-858B-565236F8ABF6}.Release|Any CPU.Build.0 = Release|Any CPU
		{B8B50988-27B7-4B4D-A8E6-C199221DA4DE}.Debug|Any CPU.ActiveCfg = Debug|Any CPU
		{B8B50988-27B7-4B4D-A8E6-C199221DA4DE}.Debug|Any CPU.Build.0 = Debug|Any CPU
		{B8B50988-27B7-4B4D-A8E6-C199221DA4DE}.Release|Any CPU.ActiveCfg = Release|Any CPU
		{B8B50988-27B7-4B4D-A8E6-C199221DA4DE}.Release|Any CPU.Build.0 = Release|Any CPU
	EndGlobalSection
	GlobalSection(SolutionProperties) = preSolution
		HideSolutionNode = FALSE
	EndGlobalSection
	GlobalSection(ExtensibilityGlobals) = postSolution
		SolutionGuid = {B1E1E768-548F-4670-A6EF-05DAD7D62BB5}
	EndGlobalSection
EndGlobal
